
Microsoft Visual Studio Solution File, Format Version 12.00
# Visual Studio Version 16
VisualStudioVersion = 16.0.28803.452
MinimumVisualStudioVersion = 10.0.40219.1
Project("{9A19103F-16F7-4668-BE54-9A1E7A4F7556}") = "MSS.API.Ids", "MSS.API.Ids\MSS.API.Ids.csproj", "{6759726E-23C4-4280-A540-F4762C5A5E38}"
EndProject
Project("{9A19103F-16F7-4668-BE54-9A1E7A4F7556}") = "MSS.API.Core", "MSS.API.Core\MSS.API.Core.csproj", "{7CDF58D0-4A38-4BCD-8F58-31D9CDADB6B0}"
EndProject
Project("{9A19103F-16F7-4668-BE54-9A1E7A4F7556}") = "MSS.API.Model", "MSS.API.Model\MSS.API.Model.csproj", "{BC2D9808-66E6-4773-86B4-6A63F037B502}"
EndProject
Project("{9A19103F-16F7-4668-BE54-9A1E7A4F7556}") = "MSS.API.Dao", "MSS.API.Dao\MSS.API.Dao.csproj", "{0CF1EEC1-1762-4276-AAF4-F8C7B953EE50}"
EndProject
Project("{9A19103F-16F7-4668-BE54-9A1E7A4F7556}") = "MSS.API.Gateway", "MSS.API.Gateway\MSS.API.Gateway.csproj", "{C2BFFC9A-849D-42A2-A062-6C73E2B9D38D}"
EndProject
Project("{9A19103F-16F7-4668-BE54-9A1E7A4F7556}") = "MSS.API.Org", "MSS.API.Org\MSS.API.Org.csproj", "{4A8A691C-9D5C-4F5C-A392-9BF5C4AA33C6}"
EndProject
Project("{9A19103F-16F7-4668-BE54-9A1E7A4F7556}") = "MSS.Common.Consul", "MSS.Common.Consul\MSS.Common.Consul.csproj", "{80A68251-D1F1-43E8-8FFC-773D24143554}"
EndProject
Project("{9A19103F-16F7-4668-BE54-9A1E7A4F7556}") = "MSS.API.ServiceD", "MSS.API.ServiceD\MSS.API.ServiceD.csproj", "{80439687-20E7-45FC-87DB-D6AB41517844}"
EndProject
Project("{9A19103F-16F7-4668-BE54-9A1E7A4F7556}") = "MSS.API.Operlog.Common", "..\..\..\..\shdq\MSS\apiservices\Operlog\MSS.API.Operlog.Common\MSS.API.Operlog.Common.csproj", "{BC8C7182-3659-444E-9579-0E5BD1C39F94}"
EndProject
Project("{9A19103F-16F7-4668-BE54-9A1E7A4F7556}") = "MSS.RPC.Protocol", "MSS.RPC.Protocol\MSS.RPC.Protocol.csproj", "{D3660998-CC6E-4367-A71B-80EF19743FB2}"
EndProject
Project("{9A19103F-16F7-4668-BE54-9A1E7A4F7556}") = "Thrift", "Thrift\Thrift.csproj", "{E2DC4686-890E-4D2A-BA1B-43F9CEDE41D7}"
EndProject
Project("{9A19103F-16F7-4668-BE54-9A1E7A4F7556}") = "MSS.RPC.Hosting", "MSS.RPC.Hosting\MSS.RPC.Hosting.csproj", "{89742EAD-C9CA-4080-A0F9-EB28D8D5304E}"
EndProject
Project("{FAE04EC0-301F-11D3-BF4B-00C04F79EFBC}") = "MSS.RPC.Client", "MSS.RPC.Client\MSS.RPC.Client.csproj", "{DD715B44-8B12-485C-86BF-BD11D405DCE5}"
EndProject
Project("{FAE04EC0-301F-11D3-BF4B-00C04F79EFBC}") = "MSS.RPC.Server.ServiceA", "MSS.RPC.Server.ServiceA\MSS.RPC.Server.ServiceA.csproj", "{8AF45760-E6FD-417A-B6A3-EC89C785950C}"
EndProject
Project("{FAE04EC0-301F-11D3-BF4B-00C04F79EFBC}") = "MSS.RPC.Server.ServiceA.Impl", "MSS.RPC.Server.ServiceA.Impl\MSS.RPC.Server.ServiceA.Impl.csproj", "{682E4B57-F6FE-47DF-AFFC-8175EE1234A8}"
EndProject
Project("{FAE04EC0-301F-11D3-BF4B-00C04F79EFBC}") = "MSS.RPC.Server.ServiceB", "MSS.RPC.Server.ServiceB\MSS.RPC.Server.ServiceB.csproj", "{5299F385-6A9F-485E-B1A6-170F531D67F0}"
EndProject
Project("{FAE04EC0-301F-11D3-BF4B-00C04F79EFBC}") = "MSS.RPC.Server.ServiceC.Impl", "MSS.RPC.Server.ServiceC.Impl\MSS.RPC.Server.ServiceC.Impl.csproj", "{CDB4B202-E4BA-40B4-9A01-D320D60FCDC8}"
EndProject
Project("{FAE04EC0-301F-11D3-BF4B-00C04F79EFBC}") = "MSS.RPC.Server.ServiceC.Hosting", "MSS.RPC.Server.ServiceC.Hosting\MSS.RPC.Server.ServiceC.Hosting.csproj", "{BCEB2AFF-D621-4B41-BAD5-FD4A51F28DE7}"
EndProject
Project("{FAE04EC0-301F-11D3-BF4B-00C04F79EFBC}") = "MSS.RPC.Prot", "MSS.RPC.Prot\MSS.RPC.Prot.csproj", "{044826E3-E102-42AE-B827-4F9CB49ADCA5}"
EndProject
Project("{FAE04EC0-301F-11D3-BF4B-00C04F79EFBC}") = "MSS.RPC.Client.ServiceC", "MSS.RPC.Client.ServiceC\MSS.RPC.Client.ServiceC.csproj", "{2E890EC1-B861-412E-ABC5-2FFF368740E1}"
EndProject
Project("{FAE04EC0-301F-11D3-BF4B-00C04F79EFBC}") = "MSS.RPC.Server.ServiceC.Hosting2", "MSS.RPC.Server.ServiceC.Hosting2\MSS.RPC.Server.ServiceC.Hosting2.csproj", "{BD5957F5-4FA6-4EBC-8A7F-33858B9182E5}"
EndProject
Global
	GlobalSection(SolutionConfigurationPlatforms) = preSolution
		Debug|Any CPU = Debug|Any CPU
		Release|Any CPU = Release|Any CPU
	EndGlobalSection
	GlobalSection(ProjectConfigurationPlatforms) = postSolution
		{6759726E-23C4-4280-A540-F4762C5A5E38}.Debug|Any CPU.ActiveCfg = Debug|Any CPU
		{6759726E-23C4-4280-A540-F4762C5A5E38}.Debug|Any CPU.Build.0 = Debug|Any CPU
		{6759726E-23C4-4280-A540-F4762C5A5E38}.Release|Any CPU.ActiveCfg = Release|Any CPU
		{6759726E-23C4-4280-A540-F4762C5A5E38}.Release|Any CPU.Build.0 = Release|Any CPU
		{7CDF58D0-4A38-4BCD-8F58-31D9CDADB6B0}.Debug|Any CPU.ActiveCfg = Debug|Any CPU
		{7CDF58D0-4A38-4BCD-8F58-31D9CDADB6B0}.Debug|Any CPU.Build.0 = Debug|Any CPU
		{7CDF58D0-4A38-4BCD-8F58-31D9CDADB6B0}.Release|Any CPU.ActiveCfg = Release|Any CPU
		{7CDF58D0-4A38-4BCD-8F58-31D9CDADB6B0}.Release|Any CPU.Build.0 = Release|Any CPU
		{BC2D9808-66E6-4773-86B4-6A63F037B502}.Debug|Any CPU.ActiveCfg = Debug|Any CPU
		{BC2D9808-66E6-4773-86B4-6A63F037B502}.Debug|Any CPU.Build.0 = Debug|Any CPU
		{BC2D9808-66E6-4773-86B4-6A63F037B502}.Release|Any CPU.ActiveCfg = Release|Any CPU
		{BC2D9808-66E6-4773-86B4-6A63F037B502}.Release|Any CPU.Build.0 = Release|Any CPU
		{0CF1EEC1-1762-4276-AAF4-F8C7B953EE50}.Debug|Any CPU.ActiveCfg = Debug|Any CPU
		{0CF1EEC1-1762-4276-AAF4-F8C7B953EE50}.Debug|Any CPU.Build.0 = Debug|Any CPU
		{0CF1EEC1-1762-4276-AAF4-F8C7B953EE50}.Release|Any CPU.ActiveCfg = Release|Any CPU
		{0CF1EEC1-1762-4276-AAF4-F8C7B953EE50}.Release|Any CPU.Build.0 = Release|Any CPU
		{C2BFFC9A-849D-42A2-A062-6C73E2B9D38D}.Debug|Any CPU.ActiveCfg = Debug|Any CPU
		{C2BFFC9A-849D-42A2-A062-6C73E2B9D38D}.Debug|Any CPU.Build.0 = Debug|Any CPU
		{C2BFFC9A-849D-42A2-A062-6C73E2B9D38D}.Release|Any CPU.ActiveCfg = Release|Any CPU
		{C2BFFC9A-849D-42A2-A062-6C73E2B9D38D}.Release|Any CPU.Build.0 = Release|Any CPU
		{4A8A691C-9D5C-4F5C-A392-9BF5C4AA33C6}.Debug|Any CPU.ActiveCfg = Debug|Any CPU
		{4A8A691C-9D5C-4F5C-A392-9BF5C4AA33C6}.Debug|Any CPU.Build.0 = Debug|Any CPU
		{4A8A691C-9D5C-4F5C-A392-9BF5C4AA33C6}.Release|Any CPU.ActiveCfg = Release|Any CPU
		{4A8A691C-9D5C-4F5C-A392-9BF5C4AA33C6}.Release|Any CPU.Build.0 = Release|Any CPU
		{80A68251-D1F1-43E8-8FFC-773D24143554}.Debug|Any CPU.ActiveCfg = Debug|Any CPU
		{80A68251-D1F1-43E8-8FFC-773D24143554}.Debug|Any CPU.Build.0 = Debug|Any CPU
		{80A68251-D1F1-43E8-8FFC-773D24143554}.Release|Any CPU.ActiveCfg = Release|Any CPU
		{80A68251-D1F1-43E8-8FFC-773D24143554}.Release|Any CPU.Build.0 = Release|Any CPU
		{80439687-20E7-45FC-87DB-D6AB41517844}.Debug|Any CPU.ActiveCfg = Debug|Any CPU
		{80439687-20E7-45FC-87DB-D6AB41517844}.Debug|Any CPU.Build.0 = Debug|Any CPU
		{80439687-20E7-45FC-87DB-D6AB41517844}.Release|Any CPU.ActiveCfg = Release|Any CPU
		{80439687-20E7-45FC-87DB-D6AB41517844}.Release|Any CPU.Build.0 = Release|Any CPU
		{BC8C7182-3659-444E-9579-0E5BD1C39F94}.Debug|Any CPU.ActiveCfg = Debug|Any CPU
		{BC8C7182-3659-444E-9579-0E5BD1C39F94}.Debug|Any CPU.Build.0 = Debug|Any CPU
		{BC8C7182-3659-444E-9579-0E5BD1C39F94}.Release|Any CPU.ActiveCfg = Release|Any CPU
		{BC8C7182-3659-444E-9579-0E5BD1C39F94}.Release|Any CPU.Build.0 = Release|Any CPU
		{D3660998-CC6E-4367-A71B-80EF19743FB2}.Debug|Any CPU.ActiveCfg = Debug|Any CPU
		{D3660998-CC6E-4367-A71B-80EF19743FB2}.Debug|Any CPU.Build.0 = Debug|Any CPU
		{D3660998-CC6E-4367-A71B-80EF19743FB2}.Release|Any CPU.ActiveCfg = Release|Any CPU
		{D3660998-CC6E-4367-A71B-80EF19743FB2}.Release|Any CPU.Build.0 = Release|Any CPU
		{E2DC4686-890E-4D2A-BA1B-43F9CEDE41D7}.Debug|Any CPU.ActiveCfg = Debug|Any CPU
		{E2DC4686-890E-4D2A-BA1B-43F9CEDE41D7}.Debug|Any CPU.Build.0 = Debug|Any CPU
		{E2DC4686-890E-4D2A-BA1B-43F9CEDE41D7}.Release|Any CPU.ActiveCfg = Release|Any CPU
		{E2DC4686-890E-4D2A-BA1B-43F9CEDE41D7}.Release|Any CPU.Build.0 = Release|Any CPU
		{89742EAD-C9CA-4080-A0F9-EB28D8D5304E}.Debug|Any CPU.ActiveCfg = Debug|Any CPU
		{89742EAD-C9CA-4080-A0F9-EB28D8D5304E}.Debug|Any CPU.Build.0 = Debug|Any CPU
		{89742EAD-C9CA-4080-A0F9-EB28D8D5304E}.Release|Any CPU.ActiveCfg = Release|Any CPU
		{89742EAD-C9CA-4080-A0F9-EB28D8D5304E}.Release|Any CPU.Build.0 = Release|Any CPU
		{DD715B44-8B12-485C-86BF-BD11D405DCE5}.Debug|Any CPU.ActiveCfg = Debug|Any CPU
		{DD715B44-8B12-485C-86BF-BD11D405DCE5}.Debug|Any CPU.Build.0 = Debug|Any CPU
		{DD715B44-8B12-485C-86BF-BD11D405DCE5}.Release|Any CPU.ActiveCfg = Release|Any CPU
		{DD715B44-8B12-485C-86BF-BD11D405DCE5}.Release|Any CPU.Build.0 = Release|Any CPU
		{8AF45760-E6FD-417A-B6A3-EC89C785950C}.Debug|Any CPU.ActiveCfg = Debug|Any CPU
		{8AF45760-E6FD-417A-B6A3-EC89C785950C}.Debug|Any CPU.Build.0 = Debug|Any CPU
		{8AF45760-E6FD-417A-B6A3-EC89C785950C}.Release|Any CPU.ActiveCfg = Release|Any CPU
		{8AF45760-E6FD-417A-B6A3-EC89C785950C}.Release|Any CPU.Build.0 = Release|Any CPU
		{682E4B57-F6FE-47DF-AFFC-8175EE1234A8}.Debug|Any CPU.ActiveCfg = Debug|Any CPU
		{682E4B57-F6FE-47DF-AFFC-8175EE1234A8}.Debug|Any CPU.Build.0 = Debug|Any CPU
		{682E4B57-F6FE-47DF-AFFC-8175EE1234A8}.Release|Any CPU.ActiveCfg = Release|Any CPU
		{682E4B57-F6FE-47DF-AFFC-8175EE1234A8}.Release|Any CPU.Build.0 = Release|Any CPU
		{5299F385-6A9F-485E-B1A6-170F531D67F0}.Debug|Any CPU.ActiveCfg = Debug|Any CPU
		{5299F385-6A9F-485E-B1A6-170F531D67F0}.Debug|Any CPU.Build.0 = Debug|Any CPU
		{5299F385-6A9F-485E-B1A6-170F531D67F0}.Release|Any CPU.ActiveCfg = Release|Any CPU
		{5299F385-6A9F-485E-B1A6-170F531D67F0}.Release|Any CPU.Build.0 = Release|Any CPU
		{CDB4B202-E4BA-40B4-9A01-D320D60FCDC8}.Debug|Any CPU.ActiveCfg = Debug|Any CPU
		{CDB4B202-E4BA-40B4-9A01-D320D60FCDC8}.Debug|Any CPU.Build.0 = Debug|Any CPU
		{CDB4B202-E4BA-40B4-9A01-D320D60FCDC8}.Release|Any CPU.ActiveCfg = Release|Any CPU
		{CDB4B202-E4BA-40B4-9A01-D320D60FCDC8}.Release|Any CPU.Build.0 = Release|Any CPU
		{BCEB2AFF-D621-4B41-BAD5-FD4A51F28DE7}.Debug|Any CPU.ActiveCfg = Debug|Any CPU
		{BCEB2AFF-D621-4B41-BAD5-FD4A51F28DE7}.Debug|Any CPU.Build.0 = Debug|Any CPU
		{BCEB2AFF-D621-4B41-BAD5-FD4A51F28DE7}.Release|Any CPU.ActiveCfg = Release|Any CPU
		{BCEB2AFF-D621-4B41-BAD5-FD4A51F28DE7}.Release|Any CPU.Build.0 = Release|Any CPU
		{044826E3-E102-42AE-B827-4F9CB49ADCA5}.Debug|Any CPU.ActiveCfg = Debug|Any CPU
		{044826E3-E102-42AE-B827-4F9CB49ADCA5}.Debug|Any CPU.Build.0 = Debug|Any CPU
		{044826E3-E102-42AE-B827-4F9CB49ADCA5}.Release|Any CPU.ActiveCfg = Release|Any CPU
		{044826E3-E102-42AE-B827-4F9CB49ADCA5}.Release|Any CPU.Build.0 = Release|Any CPU
		{2E890EC1-B861-412E-ABC5-2FFF368740E1}.Debug|Any CPU.ActiveCfg = Debug|Any CPU
		{2E890EC1-B861-412E-ABC5-2FFF368740E1}.Debug|Any CPU.Build.0 = Debug|Any CPU
		{2E890EC1-B861-412E-ABC5-2FFF368740E1}.Release|Any CPU.ActiveCfg = Release|Any CPU
		{2E890EC1-B861-412E-ABC5-2FFF368740E1}.Release|Any CPU.Build.0 = Release|Any CPU
		{BD5957F5-4FA6-4EBC-8A7F-33858B9182E5}.Debug|Any CPU.ActiveCfg = Debug|Any CPU
		{BD5957F5-4FA6-4EBC-8A7F-33858B9182E5}.Debug|Any CPU.Build.0 = Debug|Any CPU
		{BD5957F5-4FA6-4EBC-8A7F-33858B9182E5}.Release|Any CPU.ActiveCfg = Release|Any CPU
		{BD5957F5-4FA6-4EBC-8A7F-33858B9182E5}.Release|Any CPU.Build.0 = Release|Any CPU
	EndGlobalSection
	GlobalSection(SolutionProperties) = preSolution
		HideSolutionNode = FALSE
	EndGlobalSection
	GlobalSection(ExtensibilityGlobals) = postSolution
		SolutionGuid = {18B60BFF-A080-4A8A-8FB1-BCFE2449D2A4}
	EndGlobalSection
EndGlobal
