
Microsoft Visual Studio Solution File, Format Version 12.00
# Visual Studio Version 16
VisualStudioVersion = 16.0.28803.452
MinimumVisualStudioVersion = 10.0.40219.1
Project("{9A19103F-16F7-4668-BE54-9A1E7A4F7556}") = "MSS.API.Ids", "MSS.API.Ids\MSS.API.Ids.csproj", "{6759726E-23C4-4280-A540-F4762C5A5E38}"
EndProject
Project("{9A19103F-16F7-4668-BE54-9A1E7A4F7556}") = "MSS.API.Core", "MSS.API.Core\MSS.API.Core.csproj", "{7CDF58D0-4A38-4BCD-8F58-31D9CDADB6B0}"
EndProject
Project("{9A19103F-16F7-4668-BE54-9A1E7A4F7556}") = "MSS.API.Model", "MSS.API.Model\MSS.API.Model.csproj", "{BC2D9808-66E6-4773-86B4-6A63F037B502}"
EndProject
Project("{9A19103F-16F7-4668-BE54-9A1E7A4F7556}") = "MSS.API.Dao", "MSS.API.Dao\MSS.API.Dao.csproj", "{0CF1EEC1-1762-4276-AAF4-F8C7B953EE50}"
EndProject
Project("{9A19103F-16F7-4668-BE54-9A1E7A4F7556}") = "MSS.API.Gateway", "MSS.API.Gateway\MSS.API.Gateway.csproj", "{C2BFFC9A-849D-42A2-A062-6C73E2B9D38D}"
EndProject
Project("{9A19103F-16F7-4668-BE54-9A1E7A4F7556}") = "Rijndael256", "Rijndael256\Rijndael256.csproj", "{876F5FF9-FEF1-4F4D-B5BD-14777B6BB448}"
EndProject
Project("{9A19103F-16F7-4668-BE54-9A1E7A4F7556}") = "MSS.API.Org", "MSS.API.Org\MSS.API.Org.csproj", "{4A8A691C-9D5C-4F5C-A392-9BF5C4AA33C6}"
EndProject
Project("{9A19103F-16F7-4668-BE54-9A1E7A4F7556}") = "MSS.Common.Consul", "MSS.Common.Consul\MSS.Common.Consul.csproj", "{80A68251-D1F1-43E8-8FFC-773D24143554}"
EndProject
Project("{9A19103F-16F7-4668-BE54-9A1E7A4F7556}") = "MSS.API.ServiceD", "MSS.API.ServiceD\MSS.API.ServiceD.csproj", "{80439687-20E7-45FC-87DB-D6AB41517844}"
EndProject
Project("{FAE04EC0-301F-11D3-BF4B-00C04F79EFBC}") = "MSS.Common.Web", "MSS.Common.Web\MSS.Common.Web.csproj", "{EB59B131-B089-4D4F-A97B-4C255D46D51B}"
EndProject
Global
	GlobalSection(SolutionConfigurationPlatforms) = preSolution
		Debug|Any CPU = Debug|Any CPU
		Release|Any CPU = Release|Any CPU
	EndGlobalSection
	GlobalSection(ProjectConfigurationPlatforms) = postSolution
		{6759726E-23C4-4280-A540-F4762C5A5E38}.Debug|Any CPU.ActiveCfg = Debug|Any CPU
		{6759726E-23C4-4280-A540-F4762C5A5E38}.Debug|Any CPU.Build.0 = Debug|Any CPU
		{6759726E-23C4-4280-A540-F4762C5A5E38}.Release|Any CPU.ActiveCfg = Release|Any CPU
		{6759726E-23C4-4280-A540-F4762C5A5E38}.Release|Any CPU.Build.0 = Release|Any CPU
		{7CDF58D0-4A38-4BCD-8F58-31D9CDADB6B0}.Debug|Any CPU.ActiveCfg = Debug|Any CPU
		{7CDF58D0-4A38-4BCD-8F58-31D9CDADB6B0}.Debug|Any CPU.Build.0 = Debug|Any CPU
		{7CDF58D0-4A38-4BCD-8F58-31D9CDADB6B0}.Release|Any CPU.ActiveCfg = Release|Any CPU
		{7CDF58D0-4A38-4BCD-8F58-31D9CDADB6B0}.Release|Any CPU.Build.0 = Release|Any CPU
		{BC2D9808-66E6-4773-86B4-6A63F037B502}.Debug|Any CPU.ActiveCfg = Debug|Any CPU
		{BC2D9808-66E6-4773-86B4-6A63F037B502}.Debug|Any CPU.Build.0 = Debug|Any CPU
		{BC2D9808-66E6-4773-86B4-6A63F037B502}.Release|Any CPU.ActiveCfg = Release|Any CPU
		{BC2D9808-66E6-4773-86B4-6A63F037B502}.Release|Any CPU.Build.0 = Release|Any CPU
		{0CF1EEC1-1762-4276-AAF4-F8C7B953EE50}.Debug|Any CPU.ActiveCfg = Debug|Any CPU
		{0CF1EEC1-1762-4276-AAF4-F8C7B953EE50}.Debug|Any CPU.Build.0 = Debug|Any CPU
		{0CF1EEC1-1762-4276-AAF4-F8C7B953EE50}.Release|Any CPU.ActiveCfg = Release|Any CPU
		{0CF1EEC1-1762-4276-AAF4-F8C7B953EE50}.Release|Any CPU.Build.0 = Release|Any CPU
		{C2BFFC9A-849D-42A2-A062-6C73E2B9D38D}.Debug|Any CPU.ActiveCfg = Debug|Any CPU
		{C2BFFC9A-849D-42A2-A062-6C73E2B9D38D}.Debug|Any CPU.Build.0 = Debug|Any CPU
		{C2BFFC9A-849D-42A2-A062-6C73E2B9D38D}.Release|Any CPU.ActiveCfg = Release|Any CPU
		{C2BFFC9A-849D-42A2-A062-6C73E2B9D38D}.Release|Any CPU.Build.0 = Release|Any CPU
		{876F5FF9-FEF1-4F4D-B5BD-14777B6BB448}.Debug|Any CPU.ActiveCfg = Debug|Any CPU
		{876F5FF9-FEF1-4F4D-B5BD-14777B6BB448}.Debug|Any CPU.Build.0 = Debug|Any CPU
		{876F5FF9-FEF1-4F4D-B5BD-14777B6BB448}.Release|Any CPU.ActiveCfg = Release|Any CPU
		{876F5FF9-FEF1-4F4D-B5BD-14777B6BB448}.Release|Any CPU.Build.0 = Release|Any CPU
		{4A8A691C-9D5C-4F5C-A392-9BF5C4AA33C6}.Debug|Any CPU.ActiveCfg = Debug|Any CPU
		{4A8A691C-9D5C-4F5C-A392-9BF5C4AA33C6}.Debug|Any CPU.Build.0 = Debug|Any CPU
		{4A8A691C-9D5C-4F5C-A392-9BF5C4AA33C6}.Release|Any CPU.ActiveCfg = Release|Any CPU
		{4A8A691C-9D5C-4F5C-A392-9BF5C4AA33C6}.Release|Any CPU.Build.0 = Release|Any CPU
		{80A68251-D1F1-43E8-8FFC-773D24143554}.Debug|Any CPU.ActiveCfg = Debug|Any CPU
		{80A68251-D1F1-43E8-8FFC-773D24143554}.Debug|Any CPU.Build.0 = Debug|Any CPU
		{80A68251-D1F1-43E8-8FFC-773D24143554}.Release|Any CPU.ActiveCfg = Release|Any CPU
		{80A68251-D1F1-43E8-8FFC-773D24143554}.Release|Any CPU.Build.0 = Release|Any CPU
		{80439687-20E7-45FC-87DB-D6AB41517844}.Debug|Any CPU.ActiveCfg = Debug|Any CPU
		{80439687-20E7-45FC-87DB-D6AB41517844}.Debug|Any CPU.Build.0 = Debug|Any CPU
		{80439687-20E7-45FC-87DB-D6AB41517844}.Release|Any CPU.ActiveCfg = Release|Any CPU
		{80439687-20E7-45FC-87DB-D6AB41517844}.Release|Any CPU.Build.0 = Release|Any CPU
		{EB59B131-B089-4D4F-A97B-4C255D46D51B}.Debug|Any CPU.ActiveCfg = Debug|Any CPU
		{EB59B131-B089-4D4F-A97B-4C255D46D51B}.Debug|Any CPU.Build.0 = Debug|Any CPU
		{EB59B131-B089-4D4F-A97B-4C255D46D51B}.Release|Any CPU.ActiveCfg = Release|Any CPU
		{EB59B131-B089-4D4F-A97B-4C255D46D51B}.Release|Any CPU.Build.0 = Release|Any CPU
	EndGlobalSection
	GlobalSection(SolutionProperties) = preSolution
		HideSolutionNode = FALSE
	EndGlobalSection
	GlobalSection(ExtensibilityGlobals) = postSolution
		SolutionGuid = {18B60BFF-A080-4A8A-8FB1-BCFE2449D2A4}
	EndGlobalSection
EndGlobal
